// !$*UTF8*$!
{
	archiveVersion = 1;
	classes = {
	};
	objectVersion = 46;
	objects = {

/* Begin PBXBuildFile section */
		F020141E1ED6DC3200FA3D51 /* main.m in Sources */ = {isa = PBXBuildFile; fileRef = F020141D1ED6DC3200FA3D51 /* main.m */; };
		F02014211ED6DC3200FA3D51 /* AppDelegate.m in Sources */ = {isa = PBXBuildFile; fileRef = F02014201ED6DC3200FA3D51 /* AppDelegate.m */; };
		F02014291ED6DC3200FA3D51 /* Assets.xcassets in Resources */ = {isa = PBXBuildFile; fileRef = F02014281ED6DC3200FA3D51 /* Assets.xcassets */; };
		F020142C1ED6DC3200FA3D51 /* LaunchScreen.storyboard in Resources */ = {isa = PBXBuildFile; fileRef = F020142A1ED6DC3200FA3D51 /* LaunchScreen.storyboard */; };
		F0B080771ED6DD060019D641 /* MainViewController.m in Sources */ = {isa = PBXBuildFile; fileRef = F0B080761ED6DD060019D641 /* MainViewController.m */; };
/* End PBXBuildFile section */

/* Begin PBXFileReference section */
		F02014191ED6DC3200FA3D51 /* Box2dDemo.app */ = {isa = PBXFileReference; explicitFileType = wrapper.application; includeInIndex = 0; path = Box2dDemo.app; sourceTree = BUILT_PRODUCTS_DIR; };
		F020141D1ED6DC3200FA3D51 /* main.m */ = {isa = PBXFileReference; lastKnownFileType = sourcecode.c.objc; path = main.m; sourceTree = "<group>"; };
		F020141F1ED6DC3200FA3D51 /* AppDelegate.h */ = {isa = PBXFileReference; lastKnownFileType = sourcecode.c.h; path = AppDelegate.h; sourceTree = "<group>"; };
		F02014201ED6DC3200FA3D51 /* AppDelegate.m */ = {isa = PBXFileReference; lastKnownFileType = sourcecode.c.objc; path = AppDelegate.m; sourceTree = "<group>"; };
		F02014281ED6DC3200FA3D51 /* Assets.xcassets */ = {isa = PBXFileReference; lastKnownFileType = folder.assetcatalog; path = Assets.xcassets; sourceTree = "<group>"; };
		F020142B1ED6DC3200FA3D51 /* Base */ = {isa = PBXFileReference; lastKnownFileType = file.storyboard; name = Base; path = Base.lproj/LaunchScreen.storyboard; sourceTree = "<group>"; };
		F020142D1ED6DC3200FA3D51 /* Info.plist */ = {isa = PBXFileReference; lastKnownFileType = text.plist.xml; path = Info.plist; sourceTree = "<group>"; };
		F0B080751ED6DD060019D641 /* MainViewController.h */ = {isa = PBXFileReference; fileEncoding = 4; lastKnownFileType = sourcecode.c.h; path = MainViewController.h; sourceTree = "<group>"; };
		F0B080761ED6DD060019D641 /* MainViewController.m */ = {isa = PBXFileReference; fileEncoding = 4; lastKnownFileType = sourcecode.c.objc; path = MainViewController.m; sourceTree = "<group>"; };
/* End PBXFileReference section */

/* Begin PBXFrameworksBuildPhase section */
		F02014161ED6DC3200FA3D51 /* Frameworks */ = {
			isa = PBXFrameworksBuildPhase;
			buildActionMask = 2147483647;
			files = (
			);
			runOnlyForDeploymentPostprocessing = 0;
		};
/* End PBXFrameworksBuildPhase section */

/* Begin PBXGroup section */
		F02014101ED6DC3200FA3D51 = {
			isa = PBXGroup;
			children = (
				F020141B1ED6DC3200FA3D51 /* Box2dDemo */,
				F020141C1ED6DC3200FA3D51 /* Supporting Files */,
				F020141A1ED6DC3200FA3D51 /* Products */,
			);
			sourceTree = "<group>";
		};
		F020141A1ED6DC3200FA3D51 /* Products */ = {
			isa = PBXGroup;
			children = (
				F02014191ED6DC3200FA3D51 /* Box2dDemo.app */,
			);
			name = Products;
			sourceTree = "<group>";
		};
		F020141B1ED6DC3200FA3D51 /* Box2dDemo */ = {
			isa = PBXGroup;
			children = (
				F020141F1ED6DC3200FA3D51 /* AppDelegate.h */,
				F02014201ED6DC3200FA3D51 /* AppDelegate.m */,
				F0B080751ED6DD060019D641 /* MainViewController.h */,
				F0B080761ED6DD060019D641 /* MainViewController.m */,
			);
			path = Box2dDemo;
			sourceTree = "<group>";
		};
		F020141C1ED6DC3200FA3D51 /* Supporting Files */ = {
			isa = PBXGroup;
			children = (
				F02014281ED6DC3200FA3D51 /* Assets.xcassets */,
				F020142A1ED6DC3200FA3D51 /* LaunchScreen.storyboard */,
				F020141D1ED6DC3200FA3D51 /* main.m */,
				F020142D1ED6DC3200FA3D51 /* Info.plist */,
			);
			name = "Supporting Files";
			path = Box2dDemo;
			sourceTree = "<group>";
		};
/* End PBXGroup section */

/* Begin PBXNativeTarget section */
		F02014181ED6DC3200FA3D51 /* Box2dDemo */ = {
			isa = PBXNativeTarget;
			buildConfigurationList = F02014301ED6DC3200FA3D51 /* Build configuration list for PBXNativeTarget "Box2dDemo" */;
			buildPhases = (
				F02014151ED6DC3200FA3D51 /* Sources */,
				F02014161ED6DC3200FA3D51 /* Frameworks */,
				F02014171ED6DC3200FA3D51 /* Resources */,
			);
			buildRules = (
			);
			dependencies = (
			);
			name = Box2dDemo;
			productName = Box2dDemo;
			productReference = F02014191ED6DC3200FA3D51 /* Box2dDemo.app */;
			productType = "com.apple.product-type.application";
		};
/* End PBXNativeTarget section */

/* Begin PBXProject section */
		F02014111ED6DC3200FA3D51 /* Project object */ = {
			isa = PBXProject;
			attributes = {
				LastUpgradeCheck = 0830;
				ORGANIZATIONNAME = "宋炬峰";
				TargetAttributes = {
					F02014181ED6DC3200FA3D51 = {
						CreatedOnToolsVersion = 8.3.2;
						DevelopmentTeam = 2M4WW2KKY5;
						ProvisioningStyle = Automatic;
					};
				};
			};
			buildConfigurationList = F02014141ED6DC3200FA3D51 /* Build configuration list for PBXProject "Box2dDemo" */;
			compatibilityVersion = "Xcode 3.2";
			developmentRegion = English;
			hasScannedForEncodings = 0;
			knownRegions = (
				en,
				Base,
			);
			mainGroup = F02014101ED6DC3200FA3D51;
			productRefGroup = F020141A1ED6DC3200FA3D51 /* Products */;
			projectDirPath = "";
			projectRoot = "";
			targets = (
				F02014181ED6DC3200FA3D51 /* Box2dDemo */,
			);
		};
/* End PBXProject section */

/* Begin PBXResourcesBuildPhase section */
		F02014171ED6DC3200FA3D51 /* Resources */ = {
			isa = PBXResourcesBuildPhase;
			buildActionMask = 2147483647;
			files = (
				F020142C1ED6DC3200FA3D51 /* LaunchScreen.storyboard in Resources */,
				F02014291ED6DC3200FA3D51 /* Assets.xcassets in Resources */,
			);
			runOnlyForDeploymentPostprocessing = 0;
		};
/* End PBXResourcesBuildPhase section */

/* Begin PBXSourcesBuildPhase section */
		F02014151ED6DC3200FA3D51 /* Sources */ = {
			isa = PBXSourcesBuildPhase;
			buildActionMask = 2147483647;
			files = (
				F02014211ED6DC3200FA3D51 /* AppDelegate.m in Sources */,
				F0B080771ED6DD060019D641 /* MainViewController.m in Sources */,
				F020141E1ED6DC3200FA3D51 /* main.m in Sources */,
			);
			runOnlyForDeploymentPostprocessing = 0;
		};
/* End PBXSourcesBuildPhase section */

/* Begin PBXVariantGroup section */
		F020142A1ED6DC3200FA3D51 /* LaunchScreen.storyboard */ = {
			isa = PBXVariantGroup;
			children = (
				F020142B1ED6DC3200FA3D51 /* Base */,
			);
			name = LaunchScreen.storyboard;
			sourceTree = "<group>";
		};
/* End PBXVariantGroup section */

/* Begin XCBuildConfiguration section */
		F020142E1ED6DC3200FA3D51 /* Debug */ = {
			isa = XCBuildConfiguration;
			buildSettings = {
				ALWAYS_SEARCH_USER_PATHS = NO;
				CLANG_ANALYZER_NONNULL = YES;
				CLANG_ANALYZER_NUMBER_OBJECT_CONVERSION = YES_AGGRESSIVE;
				CLANG_CXX_LANGUAGE_STANDARD = "gnu++0x";
				CLANG_CXX_LIBRARY = "libc++";
				CLANG_ENABLE_MODULES = YES;
				CLANG_ENABLE_OBJC_ARC = YES;
				CLANG_WARN_BOOL_CONVERSION = YES;
				CLANG_WARN_CONSTANT_CONVERSION = YES;
				CLANG_WARN_DIRECT_OBJC_ISA_USAGE = YES_ERROR;
				CLANG_WARN_DOCUMENTATION_COMMENTS = YES;
				CLANG_WARN_EMPTY_BODY = YES;
				CLANG_WARN_ENUM_CONVERSION = YES;
				CLANG_WARN_INFINITE_RECURSION = YES;
				CLANG_WARN_INT_CONVERSION = YES;
				CLANG_WARN_OBJC_ROOT_CLASS = YES_ERROR;
				CLANG_WARN_SUSPICIOUS_MOVE = YES;
				CLANG_WARN_UNREACHABLE_CODE = YES;
				CLANG_WARN__DUPLICATE_METHOD_MATCH = YES;
				"CODE_SIGN_IDENTITY[sdk=iphoneos*]" = "iPhone Developer";
				COPY_PHASE_STRIP = NO;
				DEBUG_INFORMATION_FORMAT = dwarf;
				ENABLE_STRICT_OBJC_MSGSEND = YES;
				ENABLE_TESTABILITY = YES;
				GCC_C_LANGUAGE_STANDARD = gnu99;
				GCC_DYNAMIC_NO_PIC = NO;
				GCC_NO_COMMON_BLOCKS = YES;
				GCC_OPTIMIZATION_LEVEL = 0;
				GCC_PREPROCESSOR_DEFINITIONS = (
					"DEBUG=1",
					"$(inherited)",
				);
				GCC_WARN_64_TO_32_BIT_CONVERSION = YES;
				GCC_WARN_ABOUT_RETURN_TYPE = YES_ERROR;
				GCC_WARN_UNDECLARED_SELECTOR = YES;
				GCC_WARN_UNINITIALIZED_AUTOS = YES_AGGRESSIVE;
				GCC_WARN_UNUSED_FUNCTION = YES;
				GCC_WARN_UNUSED_VARIABLE = YES;
				IPHONEOS_DEPLOYMENT_TARGET = 10.3;
				MTL_ENABLE_DEBUG_INFO = YES;
				ONLY_ACTIVE_ARCH = YES;
				SDKROOT = iphoneos;
			};
			name = Debug;
		};
		F020142F1ED6DC3200FA3D51 /* Release */ = {
			isa = XCBuildConfiguration;
			buildSettings = {
				ALWAYS_SEARCH_USER_PATHS = NO;
				CLANG_ANALYZER_NONNULL = YES;
				CLANG_ANALYZER_NUMBER_OBJECT_CONVERSION = YES_AGGRESSIVE;
				CLANG_CXX_LANGUAGE_STANDARD = "gnu++0x";
				CLANG_CXX_LIBRARY = "libc++";
				CLANG_ENABLE_MODULES = YES;
				CLANG_ENABLE_OBJC_ARC = YES;
				CLANG_WARN_BOOL_CONVERSION = YES;
				CLANG_WARN_CONSTANT_CONVERSION = YES;
				CLANG_WARN_DIRECT_OBJC_ISA_USAGE = YES_ERROR;
				CLANG_WARN_DOCUMENTATION_COMMENTS = YES;
				CLANG_WARN_EMPTY_BODY = YES;
				CLANG_WARN_ENUM_CONVERSION = YES;
				CLANG_WARN_INFINITE_RECURSION = YES;
				CLANG_WARN_INT_CONVERSION = YES;
				CLANG_WARN_OBJC_ROOT_CLASS = YES_ERROR;
				CLANG_WARN_SUSPICIOUS_MOVE = YES;
				CLANG_WARN_UNREACHABLE_CODE = YES;
				CLANG_WARN__DUPLICATE_METHOD_MATCH = YES;
				"CODE_SIGN_IDENTITY[sdk=iphoneos*]" = "iPhone Developer";
				COPY_PHASE_STRIP = NO;
				DEBUG_INFORMATION_FORMAT = "dwarf-with-dsym";
				ENABLE_NS_ASSERTIONS = NO;
				ENABLE_STRICT_OBJC_MSGSEND = YES;
				GCC_C_LANGUAGE_STANDARD = gnu99;
				GCC_NO_COMMON_BLOCKS = YES;
				GCC_WARN_64_TO_32_BIT_CONVERSION = YES;
				GCC_WARN_ABOUT_RETURN_TYPE = YES_ERROR;
				GCC_WARN_UNDECLARED_SELECTOR = YES;
				GCC_WARN_UNINITIALIZED_AUTOS = YES_AGGRESSIVE;
				GCC_WARN_UNUSED_FUNCTION = YES;
				GCC_WARN_UNUSED_VARIABLE = YES;
				IPHONEOS_DEPLOYMENT_TARGET = 10.3;
				MTL_ENABLE_DEBUG_INFO = NO;
				SDKROOT = iphoneos;
				VALIDATE_PRODUCT = YES;
			};
			name = Release;
		};
		F02014311ED6DC3200FA3D51 /* Debug */ = {
			isa = XCBuildConfiguration;
			buildSettings = {
				ASSETCATALOG_COMPILER_APPICON_NAME = AppIcon;
				DEVELOPMENT_TEAM = 2M4WW2KKY5;
				INFOPLIST_FILE = Box2dDemo/Info.plist;
				LD_RUNPATH_SEARCH_PATHS = "$(inherited) @executable_path/Frameworks";
				PRODUCT_BUNDLE_IDENTIFIER = Mobike.Box2dDemo;
				PRODUCT_NAME = "$(TARGET_NAME)";
			};
			name = Debug;
		};
		F02014321ED6DC3200FA3D51 /* Release */ = {
			isa = XCBuildConfiguration;
			buildSettings = {
				ASSETCATALOG_COMPILER_APPICON_NAME = AppIcon;
				DEVELOPMENT_TEAM = 2M4WW2KKY5;
				INFOPLIST_FILE = Box2dDemo/Info.plist;
				LD_RUNPATH_SEARCH_PATHS = "$(inherited) @executable_path/Frameworks";
				PRODUCT_BUNDLE_IDENTIFIER = Mobike.Box2dDemo;
				PRODUCT_NAME = "$(TARGET_NAME)";
			};
			name = Release;
		};
/* End XCBuildConfiguration section */

/* Begin XCConfigurationList section */
		F02014141ED6DC3200FA3D51 /* Build configuration list for PBXProject "Box2dDemo" */ = {
			isa = XCConfigurationList;
			buildConfigurations = (
				F020142E1ED6DC3200FA3D51 /* Debug */,
				F020142F1ED6DC3200FA3D51 /* Release */,
			);
			defaultConfigurationIsVisible = 0;
			defaultConfigurationName = Release;
		};
		F02014301ED6DC3200FA3D51 /* Build configuration list for PBXNativeTarget "Box2dDemo" */ = {
			isa = XCConfigurationList;
			buildConfigurations = (
				F02014311ED6DC3200FA3D51 /* Debug */,
				F02014321ED6DC3200FA3D51 /* Release */,
			);
			defaultConfigurationIsVisible = 0;
			defaultConfigurationName = Release;
		};
/* End XCConfigurationList section */
	};
	rootObject = F02014111ED6DC3200FA3D51 /* Project object */;
}
